// !$*UTF8*$!
{
	archiveVersion = 1;
	classes = {
	};
	objectVersion = 46;
	objects = {

/* Begin PBXBuildFile section */
		4598A3C919C7DAAD0023046B /* MyViewController.swift in Sources */ = {isa = PBXBuildFile; fileRef = 4598A3C819C7DAAD0023046B /* MyViewController.swift */; };
		45C3DC4619C629B600899211 /* AppDelegate.swift in Sources */ = {isa = PBXBuildFile; fileRef = 45C3DC4519C629B600899211 /* AppDelegate.swift */; };
		45C3DC4819C629B600899211 /* ViewController.swift in Sources */ = {isa = PBXBuildFile; fileRef = 45C3DC4719C629B600899211 /* ViewController.swift */; };
		45C3DC4D19C629B600899211 /* Images.xcassets in Resources */ = {isa = PBXBuildFile; fileRef = 45C3DC4C19C629B600899211 /* Images.xcassets */; };
		45C3DC5919C629B600899211 /* week2_CarouselTests.swift in Sources */ = {isa = PBXBuildFile; fileRef = 45C3DC5819C629B600899211 /* week2_CarouselTests.swift */; };
		45C3DC6319C62A0800899211 /* LoginViewController.swift in Sources */ = {isa = PBXBuildFile; fileRef = 45C3DC6219C62A0800899211 /* LoginViewController.swift */; };
		45C3DC6719C6367000899211 /* Welcome2ViewController.swift in Sources */ = {isa = PBXBuildFile; fileRef = 45C3DC6619C6367000899211 /* Welcome2ViewController.swift */; };
		45C3DC6919C6367D00899211 /* Welcome3ViewController.swift in Sources */ = {isa = PBXBuildFile; fileRef = 45C3DC6819C6367D00899211 /* Welcome3ViewController.swift */; };
		45C3DC6B19C6369100899211 /* Welcome4ViewController.swift in Sources */ = {isa = PBXBuildFile; fileRef = 45C3DC6A19C6369100899211 /* Welcome4ViewController.swift */; };
		45C3DC7019C640F200899211 /* ConversationViewController.swift in Sources */ = {isa = PBXBuildFile; fileRef = 45C3DC6F19C640F200899211 /* ConversationViewController.swift */; };
		45C3DC7419C6481E00899211 /* SettingViewController.swift in Sources */ = {isa = PBXBuildFile; fileRef = 45C3DC7319C6481E00899211 /* SettingViewController.swift */; };
		45C3DC7619C651DE00899211 /* Intro1ViewController.swift in Sources */ = {isa = PBXBuildFile; fileRef = 45C3DC7519C651DE00899211 /* Intro1ViewController.swift */; };
		45C3DC7819C651EB00899211 /* Intro2ViewController.swift in Sources */ = {isa = PBXBuildFile; fileRef = 45C3DC7719C651EB00899211 /* Intro2ViewController.swift */; };
		45C3DC7A19C65CC700899211 /* ConvViewController.swift in Sources */ = {isa = PBXBuildFile; fileRef = 45C3DC7919C65CC700899211 /* ConvViewController.swift */; };
		45C3DCA919C6A45B00899211 /* Welcome1ViewController.swift in Sources */ = {isa = PBXBuildFile; fileRef = 45C3DCA819C6A45B00899211 /* Welcome1ViewController.swift */; };
		45C3DCAE19C7642500899211 /* Main.storyboard in Resources */ = {isa = PBXBuildFile; fileRef = 45C3DCAC19C7642500899211 /* Main.storyboard */; };
/* End PBXBuildFile section */

/* Begin PBXContainerItemProxy section */
		45C3DC5319C629B600899211 /* PBXContainerItemProxy */ = {
			isa = PBXContainerItemProxy;
			containerPortal = 45C3DC3819C629B600899211 /* Project object */;
			proxyType = 1;
			remoteGlobalIDString = 45C3DC3F19C629B600899211;
			remoteInfo = "week2-Carousel";
		};
/* End PBXContainerItemProxy section */

/* Begin PBXFileReference section */
		4598A3C819C7DAAD0023046B /* MyViewController.swift */ = {isa = PBXFileReference; fileEncoding = 4; lastKnownFileType = sourcecode.swift; path = MyViewController.swift; sourceTree = "<group>"; };
		45C3DC4019C629B600899211 /* week2-Carousel.app */ = {isa = PBXFileReference; explicitFileType = wrapper.application; includeInIndex = 0; path = "week2-Carousel.app"; sourceTree = BUILT_PRODUCTS_DIR; };
		45C3DC4419C629B600899211 /* Info.plist */ = {isa = PBXFileReference; lastKnownFileType = text.plist.xml; path = Info.plist; sourceTree = "<group>"; };
		45C3DC4519C629B600899211 /* AppDelegate.swift */ = {isa = PBXFileReference; lastKnownFileType = sourcecode.swift; path = AppDelegate.swift; sourceTree = "<group>"; };
		45C3DC4719C629B600899211 /* ViewController.swift */ = {isa = PBXFileReference; lastKnownFileType = sourcecode.swift; path = ViewController.swift; sourceTree = "<group>"; };
		45C3DC4C19C629B600899211 /* Images.xcassets */ = {isa = PBXFileReference; lastKnownFileType = folder.assetcatalog; path = Images.xcassets; sourceTree = "<group>"; };
		45C3DC5219C629B600899211 /* week2-CarouselTests.xctest */ = {isa = PBXFileReference; explicitFileType = wrapper.cfbundle; includeInIndex = 0; path = "week2-CarouselTests.xctest"; sourceTree = BUILT_PRODUCTS_DIR; };
		45C3DC5719C629B600899211 /* Info.plist */ = {isa = PBXFileReference; lastKnownFileType = text.plist.xml; path = Info.plist; sourceTree = "<group>"; };
		45C3DC5819C629B600899211 /* week2_CarouselTests.swift */ = {isa = PBXFileReference; lastKnownFileType = sourcecode.swift; path = week2_CarouselTests.swift; sourceTree = "<group>"; };
		45C3DC6219C62A0800899211 /* LoginViewController.swift */ = {isa = PBXFileReference; fileEncoding = 4; lastKnownFileType = sourcecode.swift; path = LoginViewController.swift; sourceTree = "<group>"; };
		45C3DC6619C6367000899211 /* Welcome2ViewController.swift */ = {isa = PBXFileReference; fileEncoding = 4; lastKnownFileType = sourcecode.swift; path = Welcome2ViewController.swift; sourceTree = "<group>"; };
		45C3DC6819C6367D00899211 /* Welcome3ViewController.swift */ = {isa = PBXFileReference; fileEncoding = 4; lastKnownFileType = sourcecode.swift; path = Welcome3ViewController.swift; sourceTree = "<group>"; };
		45C3DC6A19C6369100899211 /* Welcome4ViewController.swift */ = {isa = PBXFileReference; fileEncoding = 4; lastKnownFileType = sourcecode.swift; path = Welcome4ViewController.swift; sourceTree = "<group>"; };
		45C3DC6F19C640F200899211 /* ConversationViewController.swift */ = {isa = PBXFileReference; fileEncoding = 4; lastKnownFileType = sourcecode.swift; path = ConversationViewController.swift; sourceTree = "<group>"; };
		45C3DC7319C6481E00899211 /* SettingViewController.swift */ = {isa = PBXFileReference; fileEncoding = 4; lastKnownFileType = sourcecode.swift; path = SettingViewController.swift; sourceTree = "<group>"; };
		45C3DC7519C651DE00899211 /* Intro1ViewController.swift */ = {isa = PBXFileReference; fileEncoding = 4; lastKnownFileType = sourcecode.swift; path = Intro1ViewController.swift; sourceTree = "<group>"; };
		45C3DC7719C651EB00899211 /* Intro2ViewController.swift */ = {isa = PBXFileReference; fileEncoding = 4; lastKnownFileType = sourcecode.swift; path = Intro2ViewController.swift; sourceTree = "<group>"; };
		45C3DC7919C65CC700899211 /* ConvViewController.swift */ = {isa = PBXFileReference; fileEncoding = 4; lastKnownFileType = sourcecode.swift; path = ConvViewController.swift; sourceTree = "<group>"; };
		45C3DCA819C6A45B00899211 /* Welcome1ViewController.swift */ = {isa = PBXFileReference; fileEncoding = 4; lastKnownFileType = sourcecode.swift; path = Welcome1ViewController.swift; sourceTree = "<group>"; };
		45C3DCAD19C7642500899211 /* Base */ = {isa = PBXFileReference; lastKnownFileType = file.storyboard; name = Base; path = "week2-Carousel/Base.lproj/Main.storyboard"; sourceTree = "<group>"; };
/* End PBXFileReference section */

/* Begin PBXFrameworksBuildPhase section */
		45C3DC3D19C629B600899211 /* Frameworks */ = {
			isa = PBXFrameworksBuildPhase;
			buildActionMask = 2147483647;
			files = (
			);
			runOnlyForDeploymentPostprocessing = 0;
		};
		45C3DC4F19C629B600899211 /* Frameworks */ = {
			isa = PBXFrameworksBuildPhase;
			buildActionMask = 2147483647;
			files = (
			);
			runOnlyForDeploymentPostprocessing = 0;
		};
/* End PBXFrameworksBuildPhase section */

/* Begin PBXGroup section */
		45C3DC3719C629B600899211 = {
			isa = PBXGroup;
			children = (
				45C3DC4219C629B600899211 /* week2-Carousel */,
				45C3DC5519C629B600899211 /* week2-CarouselTests */,
				45C3DC4119C629B600899211 /* Products */,
			);
			sourceTree = "<group>";
		};
		45C3DC4119C629B600899211 /* Products */ = {
			isa = PBXGroup;
			children = (
				45C3DC4019C629B600899211 /* week2-Carousel.app */,
				45C3DC5219C629B600899211 /* week2-CarouselTests.xctest */,
			);
			name = Products;
			sourceTree = "<group>";
		};
		45C3DC4219C629B600899211 /* week2-Carousel */ = {
			isa = PBXGroup;
			children = (
				45C3DC6C19C6369E00899211 /* ViewControllers */,
				45C3DC4519C629B600899211 /* AppDelegate.swift */,
				45C3DC4719C629B600899211 /* ViewController.swift */,
				45C3DCAC19C7642500899211 /* Main.storyboard */,
				45C3DC4C19C629B600899211 /* Images.xcassets */,
				45C3DC4319C629B600899211 /* Supporting Files */,
			);
			path = "week2-Carousel";
			sourceTree = "<group>";
		};
		45C3DC4319C629B600899211 /* Supporting Files */ = {
			isa = PBXGroup;
			children = (
				45C3DC4419C629B600899211 /* Info.plist */,
			);
			name = "Supporting Files";
			sourceTree = "<group>";
		};
		45C3DC5519C629B600899211 /* week2-CarouselTests */ = {
			isa = PBXGroup;
			children = (
				45C3DC5819C629B600899211 /* week2_CarouselTests.swift */,
				45C3DC5619C629B600899211 /* Supporting Files */,
			);
			path = "week2-CarouselTests";
			sourceTree = "<group>";
		};
		45C3DC5619C629B600899211 /* Supporting Files */ = {
			isa = PBXGroup;
			children = (
				45C3DC5719C629B600899211 /* Info.plist */,
			);
			name = "Supporting Files";
			sourceTree = "<group>";
		};
		45C3DC6C19C6369E00899211 /* ViewControllers */ = {
			isa = PBXGroup;
			children = (
				45C3DC6619C6367000899211 /* Welcome2ViewController.swift */,
				45C3DC6819C6367D00899211 /* Welcome3ViewController.swift */,
				45C3DC6219C62A0800899211 /* LoginViewController.swift */,
				45C3DC6A19C6369100899211 /* Welcome4ViewController.swift */,
				45C3DC6F19C640F200899211 /* ConversationViewController.swift */,
				45C3DC7319C6481E00899211 /* SettingViewController.swift */,
				45C3DC7519C651DE00899211 /* Intro1ViewController.swift */,
				45C3DC7719C651EB00899211 /* Intro2ViewController.swift */,
				45C3DC7919C65CC700899211 /* ConvViewController.swift */,
				45C3DCA819C6A45B00899211 /* Welcome1ViewController.swift */,
				4598A3C819C7DAAD0023046B /* MyViewController.swift */,
			);
			name = ViewControllers;
			sourceTree = "<group>";
		};
/* End PBXGroup section */

/* Begin PBXNativeTarget section */
		45C3DC3F19C629B600899211 /* week2-Carousel */ = {
			isa = PBXNativeTarget;
			buildConfigurationList = 45C3DC5C19C629B600899211 /* Build configuration list for PBXNativeTarget "week2-Carousel" */;
			buildPhases = (
				45C3DC3C19C629B600899211 /* Sources */,
				45C3DC3D19C629B600899211 /* Frameworks */,
				45C3DC3E19C629B600899211 /* Resources */,
			);
			buildRules = (
			);
			dependencies = (
			);
			name = "week2-Carousel";
			productName = "week2-Carousel";
			productReference = 45C3DC4019C629B600899211 /* week2-Carousel.app */;
			productType = "com.apple.product-type.application";
		};
		45C3DC5119C629B600899211 /* week2-CarouselTests */ = {
			isa = PBXNativeTarget;
			buildConfigurationList = 45C3DC5F19C629B600899211 /* Build configuration list for PBXNativeTarget "week2-CarouselTests" */;
			buildPhases = (
				45C3DC4E19C629B600899211 /* Sources */,
				45C3DC4F19C629B600899211 /* Frameworks */,
				45C3DC5019C629B600899211 /* Resources */,
			);
			buildRules = (
			);
			dependencies = (
				45C3DC5419C629B600899211 /* PBXTargetDependency */,
			);
			name = "week2-CarouselTests";
			productName = "week2-CarouselTests";
			productReference = 45C3DC5219C629B600899211 /* week2-CarouselTests.xctest */;
			productType = "com.apple.product-type.bundle.unit-test";
		};
/* End PBXNativeTarget section */

/* Begin PBXProject section */
		45C3DC3819C629B600899211 /* Project object */ = {
			isa = PBXProject;
			attributes = {
				LastUpgradeCheck = 0600;
				ORGANIZATIONNAME = yahoo;
				TargetAttributes = {
					45C3DC3F19C629B600899211 = {
						CreatedOnToolsVersion = 6.0;
					};
					45C3DC5119C629B600899211 = {
						CreatedOnToolsVersion = 6.0;
						TestTargetID = 45C3DC3F19C629B600899211;
					};
				};
			};
			buildConfigurationList = 45C3DC3B19C629B600899211 /* Build configuration list for PBXProject "week2-Carousel" */;
			compatibilityVersion = "Xcode 3.2";
			developmentRegion = English;
			hasScannedForEncodings = 0;
			knownRegions = (
				en,
				Base,
			);
			mainGroup = 45C3DC3719C629B600899211;
			productRefGroup = 45C3DC4119C629B600899211 /* Products */;
			projectDirPath = "";
			projectRoot = "";
			targets = (
				45C3DC3F19C629B600899211 /* week2-Carousel */,
				45C3DC5119C629B600899211 /* week2-CarouselTests */,
			);
		};
/* End PBXProject section */

/* Begin PBXResourcesBuildPhase section */
		45C3DC3E19C629B600899211 /* Resources */ = {
			isa = PBXResourcesBuildPhase;
			buildActionMask = 2147483647;
			files = (
				45C3DC4D19C629B600899211 /* Images.xcassets in Resources */,
				45C3DCAE19C7642500899211 /* Main.storyboard in Resources */,
			);
			runOnlyForDeploymentPostprocessing = 0;
		};
		45C3DC5019C629B600899211 /* Resources */ = {
			isa = PBXResourcesBuildPhase;
			buildActionMask = 2147483647;
			files = (
			);
			runOnlyForDeploymentPostprocessing = 0;
		};
/* End PBXResourcesBuildPhase section */

/* Begin PBXSourcesBuildPhase section */
		45C3DC3C19C629B600899211 /* Sources */ = {
			isa = PBXSourcesBuildPhase;
			buildActionMask = 2147483647;
			files = (
				45C3DC6319C62A0800899211 /* LoginViewController.swift in Sources */,
				45C3DC6919C6367D00899211 /* Welcome3ViewController.swift in Sources */,
				45C3DC7819C651EB00899211 /* Intro2ViewController.swift in Sources */,
				45C3DC7019C640F200899211 /* ConversationViewController.swift in Sources */,
				45C3DC4819C629B600899211 /* ViewController.swift in Sources */,
				45C3DC7619C651DE00899211 /* Intro1ViewController.swift in Sources */,
				45C3DCA919C6A45B00899211 /* Welcome1ViewController.swift in Sources */,
				45C3DC4619C629B600899211 /* AppDelegate.swift in Sources */,
				45C3DC7419C6481E00899211 /* SettingViewController.swift in Sources */,
				45C3DC7A19C65CC700899211 /* ConvViewController.swift in Sources */,
				4598A3C919C7DAAD0023046B /* MyViewController.swift in Sources */,
				45C3DC6719C6367000899211 /* Welcome2ViewController.swift in Sources */,
				45C3DC6B19C6369100899211 /* Welcome4ViewController.swift in Sources */,
			);
			runOnlyForDeploymentPostprocessing = 0;
		};
		45C3DC4E19C629B600899211 /* Sources */ = {
			isa = PBXSourcesBuildPhase;
			buildActionMask = 2147483647;
			files = (
				45C3DC5919C629B600899211 /* week2_CarouselTests.swift in Sources */,
			);
			runOnlyForDeploymentPostprocessing = 0;
		};
/* End PBXSourcesBuildPhase section */

/* Begin PBXTargetDependency section */
		45C3DC5419C629B600899211 /* PBXTargetDependency */ = {
			isa = PBXTargetDependency;
			target = 45C3DC3F19C629B600899211 /* week2-Carousel */;
			targetProxy = 45C3DC5319C629B600899211 /* PBXContainerItemProxy */;
		};
/* End PBXTargetDependency section */

/* Begin PBXVariantGroup section */
		45C3DCAC19C7642500899211 /* Main.storyboard */ = {
			isa = PBXVariantGroup;
			children = (
				45C3DCAD19C7642500899211 /* Base */,
			);
			name = Main.storyboard;
			path = ..;
			sourceTree = "<group>";
		};
/* End PBXVariantGroup section */

/* Begin XCBuildConfiguration section */
		45C3DC5A19C629B600899211 /* Debug */ = {
			isa = XCBuildConfiguration;
			buildSettings = {
				ALWAYS_SEARCH_USER_PATHS = NO;
				CLANG_CXX_LANGUAGE_STANDARD = "gnu++0x";
				CLANG_CXX_LIBRARY = "libc++";
				CLANG_ENABLE_MODULES = YES;
				CLANG_ENABLE_OBJC_ARC = YES;
				CLANG_WARN_BOOL_CONVERSION = YES;
				CLANG_WARN_CONSTANT_CONVERSION = YES;
				CLANG_WARN_DIRECT_OBJC_ISA_USAGE = YES_ERROR;
				CLANG_WARN_EMPTY_BODY = YES;
				CLANG_WARN_ENUM_CONVERSION = YES;
				CLANG_WARN_INT_CONVERSION = YES;
				CLANG_WARN_OBJC_ROOT_CLASS = YES_ERROR;
				CLANG_WARN_UNREACHABLE_CODE = YES;
				CLANG_WARN__DUPLICATE_METHOD_MATCH = YES;
				"CODE_SIGN_IDENTITY[sdk=iphoneos*]" = "iPhone Developer";
				COPY_PHASE_STRIP = NO;
				ENABLE_STRICT_OBJC_MSGSEND = YES;
				GCC_C_LANGUAGE_STANDARD = gnu99;
				GCC_DYNAMIC_NO_PIC = NO;
				GCC_OPTIMIZATION_LEVEL = 0;
				GCC_PREPROCESSOR_DEFINITIONS = (
					"DEBUG=1",
					"$(inherited)",
				);
				GCC_SYMBOLS_PRIVATE_EXTERN = NO;
				GCC_WARN_64_TO_32_BIT_CONVERSION = YES;
				GCC_WARN_ABOUT_RETURN_TYPE = YES_ERROR;
				GCC_WARN_UNDECLARED_SELECTOR = YES;
				GCC_WARN_UNINITIALIZED_AUTOS = YES_AGGRESSIVE;
				GCC_WARN_UNUSED_FUNCTION = YES;
				GCC_WARN_UNUSED_VARIABLE = YES;
				IPHONEOS_DEPLOYMENT_TARGET = 8.0;
				MTL_ENABLE_DEBUG_INFO = YES;
				ONLY_ACTIVE_ARCH = YES;
				SDKROOT = iphoneos;
				SWIFT_OPTIMIZATION_LEVEL = "-Onone";
			};
			name = Debug;
		};
		45C3DC5B19C629B600899211 /* Release */ = {
			isa = XCBuildConfiguration;
			buildSettings = {
				ALWAYS_SEARCH_USER_PATHS = NO;
				CLANG_CXX_LANGUAGE_STANDARD = "gnu++0x";
				CLANG_CXX_LIBRARY = "libc++";
				CLANG_ENABLE_MODULES = YES;
				CLANG_ENABLE_OBJC_ARC = YES;
				CLANG_WARN_BOOL_CONVERSION = YES;
				CLANG_WARN_CONSTANT_CONVERSION = YES;
				CLANG_WARN_DIRECT_OBJC_ISA_USAGE = YES_ERROR;
				CLANG_WARN_EMPTY_BODY = YES;
				CLANG_WARN_ENUM_CONVERSION = YES;
				CLANG_WARN_INT_CONVERSION = YES;
				CLANG_WARN_OBJC_ROOT_CLASS = YES_ERROR;
				CLANG_WARN_UNREACHABLE_CODE = YES;
				CLANG_WARN__DUPLICATE_METHOD_MATCH = YES;
				"CODE_SIGN_IDENTITY[sdk=iphoneos*]" = "iPhone Developer";
				COPY_PHASE_STRIP = YES;
				ENABLE_NS_ASSERTIONS = NO;
				ENABLE_STRICT_OBJC_MSGSEND = YES;
				GCC_C_LANGUAGE_STANDARD = gnu99;
				GCC_WARN_64_TO_32_BIT_CONVERSION = YES;
				GCC_WARN_ABOUT_RETURN_TYPE = YES_ERROR;
				GCC_WARN_UNDECLARED_SELECTOR = YES;
				GCC_WARN_UNINITIALIZED_AUTOS = YES_AGGRESSIVE;
				GCC_WARN_UNUSED_FUNCTION = YES;
				GCC_WARN_UNUSED_VARIABLE = YES;
				IPHONEOS_DEPLOYMENT_TARGET = 8.0;
				MTL_ENABLE_DEBUG_INFO = NO;
				SDKROOT = iphoneos;
				VALIDATE_PRODUCT = YES;
			};
			name = Release;
		};
		45C3DC5D19C629B600899211 /* Debug */ = {
			isa = XCBuildConfiguration;
			buildSettings = {
				ASSETCATALOG_COMPILER_APPICON_NAME = AppIcon;
				ASSETCATALOG_COMPILER_LAUNCHIMAGE_NAME = LaunchImage;
				INFOPLIST_FILE = "week2-Carousel/Info.plist";
				LD_RUNPATH_SEARCH_PATHS = "$(inherited) @executable_path/Frameworks";
				PRODUCT_NAME = "$(TARGET_NAME)";
			};
			name = Debug;
		};
		45C3DC5E19C629B600899211 /* Release */ = {
			isa = XCBuildConfiguration;
			buildSettings = {
				ASSETCATALOG_COMPILER_APPICON_NAME = AppIcon;
				ASSETCATALOG_COMPILER_LAUNCHIMAGE_NAME = LaunchImage;
				INFOPLIST_FILE = "week2-Carousel/Info.plist";
				LD_RUNPATH_SEARCH_PATHS = "$(inherited) @executable_path/Frameworks";
				PRODUCT_NAME = "$(TARGET_NAME)";
			};
			name = Release;
		};
		45C3DC6019C629B600899211 /* Debug */ = {
			isa = XCBuildConfiguration;
			buildSettings = {
				BUNDLE_LOADER = "$(TEST_HOST)";
				FRAMEWORK_SEARCH_PATHS = (
					"$(SDKROOT)/Developer/Library/Frameworks",
					"$(inherited)",
				);
				GCC_PREPROCESSOR_DEFINITIONS = (
					"DEBUG=1",
					"$(inherited)",
				);
				INFOPLIST_FILE = "week2-CarouselTests/Info.plist";
				LD_RUNPATH_SEARCH_PATHS = "$(inherited) @executable_path/Frameworks @loader_path/Frameworks";
				PRODUCT_NAME = "$(TARGET_NAME)";
				TEST_HOST = "$(BUILT_PRODUCTS_DIR)/week2-Carousel.app/week2-Carousel";
			};
			name = Debug;
		};
		45C3DC6119C629B600899211 /* Release */ = {
			isa = XCBuildConfiguration;
			buildSettings = {
				BUNDLE_LOADER = "$(TEST_HOST)";
				FRAMEWORK_SEARCH_PATHS = (
					"$(SDKROOT)/Developer/Library/Frameworks",
					"$(inherited)",
				);
				INFOPLIST_FILE = "week2-CarouselTests/Info.plist";
				LD_RUNPATH_SEARCH_PATHS = "$(inherited) @executable_path/Frameworks @loader_path/Frameworks";
				PRODUCT_NAME = "$(TARGET_NAME)";
				TEST_HOST = "$(BUILT_PRODUCTS_DIR)/week2-Carousel.app/week2-Carousel";
			};
			name = Release;
		};
/* End XCBuildConfiguration section */

/* Begin XCConfigurationList section */
		45C3DC3B19C629B600899211 /* Build configuration list for PBXProject "week2-Carousel" */ = {
			isa = XCConfigurationList;
			buildConfigurations = (
				45C3DC5A19C629B600899211 /* Debug */,
				45C3DC5B19C629B600899211 /* Release */,
			);
			defaultConfigurationIsVisible = 0;
			defaultConfigurationName = Release;
		};
		45C3DC5C19C629B600899211 /* Build configuration list for PBXNativeTarget "week2-Carousel" */ = {
			isa = XCConfigurationList;
			buildConfigurations = (
				45C3DC5D19C629B600899211 /* Debug */,
				45C3DC5E19C629B600899211 /* Release */,
			);
			defaultConfigurationIsVisible = 0;
			defaultConfigurationName = Release;
		};
		45C3DC5F19C629B600899211 /* Build configuration list for PBXNativeTarget "week2-CarouselTests" */ = {
			isa = XCConfigurationList;
			buildConfigurations = (
				45C3DC6019C629B600899211 /* Debug */,
				45C3DC6119C629B600899211 /* Release */,
			);
			defaultConfigurationIsVisible = 0;
			defaultConfigurationName = Release;
		};
/* End XCConfigurationList section */
	};
	rootObject = 45C3DC3819C629B600899211 /* Project object */;
}
